{
  "nodes": {
    "advisory-db": {
      "flake": false,
      "locked": {
        "lastModified": 1784993630,
        "narHash": "sha256-SU5VzRhfLKF8FpIqkBYHc4x8aA6z6wuwmaRq5v+Ojts=",
        "owner": "rustsec",
        "repo": "advisory-db",
        "rev": "29638ff054fdbb83d2844240f7ef7e576cb52629",
        "type": "github"
      },
      "original": {
        "owner": "rustsec",
        "repo": "advisory-db",
        "type": "github"
      }
    },
    "crane": {
      "locked": {
        "lastModified": 1784564969,
        "narHash": "sha256-TkTWNhJV/8Wk3czlbz4bwHZkFCaCHPsOy+oJe4PUiXg=",
        "owner": "ipetkov",
        "repo": "crane",
        "rev": "7930f6c291de6f83c257839d434592aa085f290a",
        "type": "github"
      },
      "original": {
        "owner": "ipetkov",
        "repo": "crane",
        "type": "github"
      }
    },
    "fenix": {
      "inputs": {
        "nixpkgs": [
          "nixpkgs"
        ],
        "rust-analyzer-src": "rust-analyzer-src"
      },
      "locked": {
        "lastModified": 1784967181,
        "narHash": "sha256-YeH8IPyyDX8VyYHxJtRvbuKuW3D7UwxSdK1G4uU0DZk=",
        "owner": "nix-community",
        "repo": "fenix",
        "rev": "58d7d6171b8f226fbac2eddb3adf922863f82352",
        "type": "github"
      },
      "original": {
        "owner": "nix-community",
        "repo": "fenix",
        "type": "github"
      }
    },
    "flake-compat": {
      "flake": false,
      "locked": {
        "lastModified": 1767039857,
        "narHash": "sha256-vNpUSpF5Nuw8xvDLj2KCwwksIbjua2LZCqhV1LNRDns=",
        "owner": "NixOS",
        "repo": "flake-compat",
        "rev": "5edf11c44bc78a0d334f6334cdaf7d60d732daab",
        "type": "github"
      },
      "original": {
        "owner": "NixOS",
        "repo": "flake-compat",
        "type": "github"
      }
    },
    "flakelight": {
      "inputs": {
        "nixpkgs": [
          "nixpkgs"
        ]
      },
      "locked": {
        "lastModified": 1784556984,
        "narHash": "sha256-I7BrF/EFE5mOL7AQTWBl/1yb7jSPjURcBvpFfP/fJm0=",
        "owner": "nix-community",
        "repo": "flakelight",
        "rev": "8150a22dcc9c11f6487687abe2077aa7c2aa1ab6",
        "type": "github"
      },
      "original": {
        "owner": "nix-community",
        "repo": "flakelight",
        "type": "github"
      }
    },
    "flakelight-mitchty": {
      "inputs": {
        "flakelight": [
          "flakelight"
        ],
        "flakelight-treefmt": "flakelight-treefmt",
        "git-hooks": "git-hooks",
        "nixpkgs": [
          "nixpkgs"
        ]
      },
      "locked": {
        "lastModified": 1787791264,
        "narHash": "sha256-McI5qyG6D93sDBrLlmjWk20pYNj20ZrFpDWIzvdlGf4=",
        "owner": "mitchty",
        "repo": "flakelight-mitchty",
        "rev": "17ca0262538de81bc7e568a3be149407856e2b18",
        "type": "github"
      },
      "original": {
        "owner": "mitchty",
        "repo": "flakelight-mitchty",
        "type": "github"
      }
    },
    "flakelight-treefmt": {
      "inputs": {
        "flakelight": [
          "flakelight-mitchty",
          "flakelight"
        ],
        "treefmt-nix": "treefmt-nix"
      },
      "locked": {
        "lastModified": 1787056996,
        "narHash": "sha256-lgkpjJv+4QEs9hhlO1IJJTV5EAnbkcYHYwi6Gb/C5FY=",
        "owner": "m15a",
        "repo": "flakelight-treefmt",
        "rev": "fd4a00e45155ac40b50faeefa0675cb231ae6df9",
        "type": "github"
      },
      "original": {
        "owner": "m15a",
        "repo": "flakelight-treefmt",
        "type": "github"
      }
    },
    "flakelight-treefmt_2": {
      "inputs": {
        "flakelight": [
          "flakelight"
        ],
        "treefmt-nix": "treefmt-nix_2"
      },
      "locked": {
        "lastModified": 1784641717,
        "narHash": "sha256-F+29wrXFyL9emn+HCBZ/qgC7oUEou7MSocaD57qT2VU=",
        "owner": "m15a",
        "repo": "flakelight-treefmt",
        "rev": "54b79d630890a40f871cfc57a8ecdabf5718e15b",
        "type": "github"
      },
      "original": {
        "owner": "m15a",
        "repo": "flakelight-treefmt",
        "type": "github"
      }
    },
    "git-hooks": {
      "inputs": {
        "flake-compat": "flake-compat",
        "nixpkgs": [
          "flakelight-mitchty",
          "nixpkgs"
        ]
      },
      "locked": {
        "lastModified": 1787424939,
        "narHash": "sha256-O2tBn84NNuHrnqNVxx/XqsXwfYvS1YwBh+7CBnbCYsk=",
        "owner": "cachix",
        "repo": "git-hooks.nix",
        "rev": "809414f0cdadf82cf11b06c2b29ba9b3168b3297",
        "type": "github"
      },
      "original": {
        "owner": "cachix",
        "repo": "git-hooks.nix",
        "type": "github"
      }
    },
    "nixpkgs": {
      "locked": {
        "lastModified": 1787587532,
        "narHash": "sha256-2bXspRxg24UDOrjyGp6Y95nAlcjcmsxV5GLotPjya/c=",
        "owner": "nixos",
        "repo": "nixpkgs",
        "rev": "70339c6da9e58a2c10528a4e9cd14422232363dd",
        "type": "github"
      },
      "original": {
        "owner": "nixos",
        "repo": "nixpkgs",
        "type": "github"
      }
    },
    "root": {
      "inputs": {
        "advisory-db": "advisory-db",
        "crane": "crane",
        "fenix": "fenix",
        "flakelight": "flakelight",
        "flakelight-mitchty": "flakelight-mitchty",
        "flakelight-treefmt": "flakelight-treefmt_2",
        "nixpkgs": "nixpkgs"
      }
    },
    "rust-analyzer-src": {
      "flake": false,
      "locked": {
        "lastModified": 1784920231,
        "narHash": "sha256-DnuuYNFk0PI34gbGrf6vCS8ebZDAthLjoGBoh8d3SFE=",
        "owner": "rust-lang",
        "repo": "rust-analyzer",
        "rev": "ca8fba298406608be4003978f15ecb72a3ddf481",
        "type": "github"
      },
      "original": {
        "owner": "rust-lang",
        "ref": "nightly",
        "repo": "rust-analyzer",
        "type": "github"
      }
    },
    "treefmt-nix": {
      "inputs": {
        "nixpkgs": [
          "flakelight-mitchty",
          "flakelight-treefmt",
          "flakelight",
          "nixpkgs"
        ]
      },
      "locked": {
        "lastModified": 1786901030,
        "narHash": "sha256-WSFCsDSE5ffgD2MqzkM2CYjeFiKhRF/dJUN8uedb6YE=",
        "owner": "numtide",
        "repo": "treefmt-nix",
        "rev": "27b3b12a8e6375f28ebe122f07d230ca5459bbfa",
        "type": "github"
      },
      "original": {
        "owner": "numtide",
        "repo": "treefmt-nix",
        "type": "github"
      }
    },
    "treefmt-nix_2": {
      "inputs": {
        "nixpkgs": [
          "flakelight-treefmt",
          "flakelight",
          "nixpkgs"
        ]
      },
      "locked": {
        "lastModified": 1784369104,
        "narHash": "sha256-47cxbcZODibHv3rELFQ9vZly0vUNkND/atn/U7HLeb0=",
        "owner": "numtide",
        "repo": "treefmt-nix",
        "rev": "df3c0640565d04a0261253cdd89fce78ec50168a",
        "type": "github"
      },
      "original": {
        "owner": "numtide",
        "repo": "treefmt-nix",
        "type": "github"
      }
    }
  },
  "root": "root",
  "version": 7
}
