{
  "nodes": {
    "advisory-db": {
      "flake": false,
      "locked": {
        "lastModified": 1784993630,
        "narHash": "sha256-SU5VzRhfLKF8FpIqkBYHc4x8aA6z6wuwmaRq5v+Ojts=",
        "owner": "rustsec",
        "repo": "advisory-db",
        "rev": "29638ff054fdbb83d2844240f7ef7e576cb52629",
        "type": "github"
      },
      "original": {
        "owner": "rustsec",
        "repo": "advisory-db",
        "type": "github"
      }
    },
    "advisory-db_2": {
      "flake": false,
      "locked": {
        "lastModified": 1784993630,
        "narHash": "sha256-SU5VzRhfLKF8FpIqkBYHc4x8aA6z6wuwmaRq5v+Ojts=",
        "owner": "rustsec",
        "repo": "advisory-db",
        "rev": "29638ff054fdbb83d2844240f7ef7e576cb52629",
        "type": "github"
      },
      "original": {
        "owner": "rustsec",
        "repo": "advisory-db",
        "type": "github"
      }
    },
    "advisory-db_3": {
      "flake": false,
      "locked": {
        "lastModified": 1784993630,
        "narHash": "sha256-SU5VzRhfLKF8FpIqkBYHc4x8aA6z6wuwmaRq5v+Ojts=",
        "owner": "rustsec",
        "repo": "advisory-db",
        "rev": "29638ff054fdbb83d2844240f7ef7e576cb52629",
        "type": "github"
      },
      "original": {
        "owner": "rustsec",
        "repo": "advisory-db",
        "type": "github"
      }
    },
    "crane": {
      "locked": {
        "lastModified": 1788465171,
        "narHash": "sha256-Y1/TTVXjYXGF068IThQH9fPSZ0SIE74PABlUxnWTUH0=",
        "owner": "ipetkov",
        "repo": "crane",
        "rev": "eb35abda9f232cc6610b1d1e3200d15c49b7ac54",
        "type": "github"
      },
      "original": {
        "owner": "ipetkov",
        "repo": "crane",
        "type": "github"
      }
    },
    "crane_2": {
      "locked": {
        "lastModified": 1784564969,
        "narHash": "sha256-TkTWNhJV/8Wk3czlbz4bwHZkFCaCHPsOy+oJe4PUiXg=",
        "owner": "ipetkov",
        "repo": "crane",
        "rev": "7930f6c291de6f83c257839d434592aa085f290a",
        "type": "github"
      },
      "original": {
        "owner": "ipetkov",
        "repo": "crane",
        "type": "github"
      }
    },
    "crane_3": {
      "locked": {
        "lastModified": 1784564969,
        "narHash": "sha256-TkTWNhJV/8Wk3czlbz4bwHZkFCaCHPsOy+oJe4PUiXg=",
        "owner": "ipetkov",
        "repo": "crane",
        "rev": "7930f6c291de6f83c257839d434592aa085f290a",
        "type": "github"
      },
      "original": {
        "owner": "ipetkov",
        "repo": "crane",
        "type": "github"
      }
    },
    "crane_4": {
      "locked": {
        "lastModified": 1788465171,
        "narHash": "sha256-Y1/TTVXjYXGF068IThQH9fPSZ0SIE74PABlUxnWTUH0=",
        "owner": "ipetkov",
        "repo": "crane",
        "rev": "eb35abda9f232cc6610b1d1e3200d15c49b7ac54",
        "type": "github"
      },
      "original": {
        "owner": "ipetkov",
        "repo": "crane",
        "type": "github"
      }
    },
    "crane_5": {
      "locked": {
        "lastModified": 1784564969,
        "narHash": "sha256-TkTWNhJV/8Wk3czlbz4bwHZkFCaCHPsOy+oJe4PUiXg=",
        "owner": "ipetkov",
        "repo": "crane",
        "rev": "7930f6c291de6f83c257839d434592aa085f290a",
        "type": "github"
      },
      "original": {
        "owner": "ipetkov",
        "repo": "crane",
        "type": "github"
      }
    },
    "fenix": {
      "inputs": {
        "nixpkgs": [
          "kprobe",
          "nixpkgs"
        ],
        "rust-analyzer-src": "rust-analyzer-src"
      },
      "locked": {
        "lastModified": 1788691119,
        "narHash": "sha256-grir5cmE/yZKmMQwQrbADf8KJKJGp+gd82Vk0NmKETE=",
        "owner": "nix-community",
        "repo": "fenix",
        "rev": "a557691643f3b1ab520474d20ba2491d957ef729",
        "type": "github"
      },
      "original": {
        "owner": "nix-community",
        "repo": "fenix",
        "type": "github"
      }
    },
    "fenix_2": {
      "inputs": {
        "nixpkgs": [
          "kprobe",
          "flakelight-rust",
          "nixpkgs"
        ],
        "rust-analyzer-src": "rust-analyzer-src_2"
      },
      "locked": {
        "lastModified": 1784967181,
        "narHash": "sha256-YeH8IPyyDX8VyYHxJtRvbuKuW3D7UwxSdK1G4uU0DZk=",
        "owner": "nix-community",
        "repo": "fenix",
        "rev": "58d7d6171b8f226fbac2eddb3adf922863f82352",
        "type": "github"
      },
      "original": {
        "owner": "nix-community",
        "repo": "fenix",
        "type": "github"
      }
    },
    "fenix_3": {
      "inputs": {
        "nixpkgs": [
          "loader",
          "flakelight-rust",
          "nixpkgs"
        ],
        "rust-analyzer-src": "rust-analyzer-src_3"
      },
      "locked": {
        "lastModified": 1784967181,
        "narHash": "sha256-YeH8IPyyDX8VyYHxJtRvbuKuW3D7UwxSdK1G4uU0DZk=",
        "owner": "nix-community",
        "repo": "fenix",
        "rev": "58d7d6171b8f226fbac2eddb3adf922863f82352",
        "type": "github"
      },
      "original": {
        "owner": "nix-community",
        "repo": "fenix",
        "type": "github"
      }
    },
    "fenix_4": {
      "inputs": {
        "nixpkgs": [
          "loader",
          "kprobe",
          "nixpkgs"
        ],
        "rust-analyzer-src": "rust-analyzer-src_4"
      },
      "locked": {
        "lastModified": 1788691119,
        "narHash": "sha256-grir5cmE/yZKmMQwQrbADf8KJKJGp+gd82Vk0NmKETE=",
        "owner": "nix-community",
        "repo": "fenix",
        "rev": "a557691643f3b1ab520474d20ba2491d957ef729",
        "type": "github"
      },
      "original": {
        "owner": "nix-community",
        "repo": "fenix",
        "type": "github"
      }
    },
    "fenix_5": {
      "inputs": {
        "nixpkgs": [
          "loader",
          "kprobe",
          "flakelight-rust",
          "nixpkgs"
        ],
        "rust-analyzer-src": "rust-analyzer-src_5"
      },
      "locked": {
        "lastModified": 1784967181,
        "narHash": "sha256-YeH8IPyyDX8VyYHxJtRvbuKuW3D7UwxSdK1G4uU0DZk=",
        "owner": "nix-community",
        "repo": "fenix",
        "rev": "58d7d6171b8f226fbac2eddb3adf922863f82352",
        "type": "github"
      },
      "original": {
        "owner": "nix-community",
        "repo": "fenix",
        "type": "github"
      }
    },
    "flake-compat": {
      "flake": false,
      "locked": {
        "lastModified": 1767039857,
        "narHash": "sha256-vNpUSpF5Nuw8xvDLj2KCwwksIbjua2LZCqhV1LNRDns=",
        "owner": "NixOS",
        "repo": "flake-compat",
        "rev": "5edf11c44bc78a0d334f6334cdaf7d60d732daab",
        "type": "github"
      },
      "original": {
        "owner": "NixOS",
        "repo": "flake-compat",
        "type": "github"
      }
    },
    "flake-compat_2": {
      "flake": false,
      "locked": {
        "lastModified": 1767039857,
        "narHash": "sha256-vNpUSpF5Nuw8xvDLj2KCwwksIbjua2LZCqhV1LNRDns=",
        "owner": "NixOS",
        "repo": "flake-compat",
        "rev": "5edf11c44bc78a0d334f6334cdaf7d60d732daab",
        "type": "github"
      },
      "original": {
        "owner": "NixOS",
        "repo": "flake-compat",
        "type": "github"
      }
    },
    "flake-compat_3": {
      "flake": false,
      "locked": {
        "lastModified": 1767039857,
        "narHash": "sha256-vNpUSpF5Nuw8xvDLj2KCwwksIbjua2LZCqhV1LNRDns=",
        "owner": "NixOS",
        "repo": "flake-compat",
        "rev": "5edf11c44bc78a0d334f6334cdaf7d60d732daab",
        "type": "github"
      },
      "original": {
        "owner": "NixOS",
        "repo": "flake-compat",
        "type": "github"
      }
    },
    "flakelight": {
      "inputs": {
        "nixpkgs": "nixpkgs"
      },
      "locked": {
        "lastModified": 1788583688,
        "narHash": "sha256-opNIEFArE2OsiUOaLOvu4st5r9/uGPoS5/Q9jjWSFZw=",
        "owner": "nix-community",
        "repo": "flakelight",
        "rev": "f75f22a23def22067ffea18af34ceb7087a488db",
        "type": "github"
      },
      "original": {
        "owner": "nix-community",
        "repo": "flakelight",
        "type": "github"
      }
    },
    "flakelight-mitchty": {
      "inputs": {
        "flakelight": [
          "kprobe",
          "flakelight-rust",
          "flakelight"
        ],
        "flakelight-treefmt": "flakelight-treefmt",
        "git-hooks": "git-hooks",
        "nixpkgs": [
          "kprobe",
          "flakelight-rust",
          "nixpkgs"
        ]
      },
      "locked": {
        "lastModified": 1787791264,
        "narHash": "sha256-McI5qyG6D93sDBrLlmjWk20pYNj20ZrFpDWIzvdlGf4=",
        "owner": "mitchty",
        "repo": "flakelight-mitchty",
        "rev": "17ca0262538de81bc7e568a3be149407856e2b18",
        "type": "github"
      },
      "original": {
        "owner": "mitchty",
        "repo": "flakelight-mitchty",
        "type": "github"
      }
    },
    "flakelight-mitchty_2": {
      "inputs": {
        "flakelight": [
          "loader",
          "flakelight-rust",
          "flakelight"
        ],
        "flakelight-treefmt": "flakelight-treefmt_3",
        "git-hooks": "git-hooks_2",
        "nixpkgs": [
          "loader",
          "flakelight-rust",
          "nixpkgs"
        ]
      },
      "locked": {
        "lastModified": 1787791264,
        "narHash": "sha256-McI5qyG6D93sDBrLlmjWk20pYNj20ZrFpDWIzvdlGf4=",
        "owner": "mitchty",
        "repo": "flakelight-mitchty",
        "rev": "17ca0262538de81bc7e568a3be149407856e2b18",
        "type": "github"
      },
      "original": {
        "owner": "mitchty",
        "repo": "flakelight-mitchty",
        "type": "github"
      }
    },
    "flakelight-mitchty_3": {
      "inputs": {
        "flakelight": [
          "loader",
          "kprobe",
          "flakelight-rust",
          "flakelight"
        ],
        "flakelight-treefmt": "flakelight-treefmt_5",
        "git-hooks": "git-hooks_3",
        "nixpkgs": [
          "loader",
          "kprobe",
          "flakelight-rust",
          "nixpkgs"
        ]
      },
      "locked": {
        "lastModified": 1787791264,
        "narHash": "sha256-McI5qyG6D93sDBrLlmjWk20pYNj20ZrFpDWIzvdlGf4=",
        "owner": "mitchty",
        "repo": "flakelight-mitchty",
        "rev": "17ca0262538de81bc7e568a3be149407856e2b18",
        "type": "github"
      },
      "original": {
        "owner": "mitchty",
        "repo": "flakelight-mitchty",
        "type": "github"
      }
    },
    "flakelight-rust": {
      "inputs": {
        "advisory-db": "advisory-db",
        "crane": "crane_2",
        "fenix": "fenix_2",
        "flakelight": "flakelight_2",
        "flakelight-mitchty": "flakelight-mitchty",
        "flakelight-treefmt": "flakelight-treefmt_2",
        "nixpkgs": "nixpkgs_2"
      },
      "locked": {
        "path": "../../..",
        "type": "path"
      },
      "original": {
        "path": "../../..",
        "type": "path"
      },
      "parent": [
        "kprobe"
      ]
    },
    "flakelight-rust_2": {
      "inputs": {
        "advisory-db": "advisory-db_2",
        "crane": "crane_3",
        "fenix": "fenix_3",
        "flakelight": "flakelight_4",
        "flakelight-mitchty": "flakelight-mitchty_2",
        "flakelight-treefmt": "flakelight-treefmt_4",
        "nixpkgs": "nixpkgs_5"
      },
      "locked": {
        "path": "../../..",
        "type": "path"
      },
      "original": {
        "path": "../../..",
        "type": "path"
      },
      "parent": [
        "loader"
      ]
    },
    "flakelight-rust_3": {
      "inputs": {
        "advisory-db": "advisory-db_3",
        "crane": "crane_5",
        "fenix": "fenix_5",
        "flakelight": "flakelight_6",
        "flakelight-mitchty": "flakelight-mitchty_3",
        "flakelight-treefmt": "flakelight-treefmt_6",
        "nixpkgs": "nixpkgs_7"
      },
      "locked": {
        "path": "../../..",
        "type": "path"
      },
      "original": {
        "path": "../../..",
        "type": "path"
      },
      "parent": [
        "loader",
        "kprobe"
      ]
    },
    "flakelight-treefmt": {
      "inputs": {
        "flakelight": [
          "kprobe",
          "flakelight-rust",
          "flakelight-mitchty",
          "flakelight"
        ],
        "treefmt-nix": "treefmt-nix"
      },
      "locked": {
        "lastModified": 1787056996,
        "narHash": "sha256-lgkpjJv+4QEs9hhlO1IJJTV5EAnbkcYHYwi6Gb/C5FY=",
        "owner": "m15a",
        "repo": "flakelight-treefmt",
        "rev": "fd4a00e45155ac40b50faeefa0675cb231ae6df9",
        "type": "github"
      },
      "original": {
        "owner": "m15a",
        "repo": "flakelight-treefmt",
        "type": "github"
      }
    },
    "flakelight-treefmt_2": {
      "inputs": {
        "flakelight": [
          "kprobe",
          "flakelight-rust",
          "flakelight"
        ],
        "treefmt-nix": "treefmt-nix_2"
      },
      "locked": {
        "lastModified": 1784641717,
        "narHash": "sha256-F+29wrXFyL9emn+HCBZ/qgC7oUEou7MSocaD57qT2VU=",
        "owner": "m15a",
        "repo": "flakelight-treefmt",
        "rev": "54b79d630890a40f871cfc57a8ecdabf5718e15b",
        "type": "github"
      },
      "original": {
        "owner": "m15a",
        "repo": "flakelight-treefmt",
        "type": "github"
      }
    },
    "flakelight-treefmt_3": {
      "inputs": {
        "flakelight": [
          "loader",
          "flakelight-rust",
          "flakelight-mitchty",
          "flakelight"
        ],
        "treefmt-nix": "treefmt-nix_3"
      },
      "locked": {
        "lastModified": 1787056996,
        "narHash": "sha256-lgkpjJv+4QEs9hhlO1IJJTV5EAnbkcYHYwi6Gb/C5FY=",
        "owner": "m15a",
        "repo": "flakelight-treefmt",
        "rev": "fd4a00e45155ac40b50faeefa0675cb231ae6df9",
        "type": "github"
      },
      "original": {
        "owner": "m15a",
        "repo": "flakelight-treefmt",
        "type": "github"
      }
    },
    "flakelight-treefmt_4": {
      "inputs": {
        "flakelight": [
          "loader",
          "flakelight-rust",
          "flakelight"
        ],
        "treefmt-nix": "treefmt-nix_4"
      },
      "locked": {
        "lastModified": 1784641717,
        "narHash": "sha256-F+29wrXFyL9emn+HCBZ/qgC7oUEou7MSocaD57qT2VU=",
        "owner": "m15a",
        "repo": "flakelight-treefmt",
        "rev": "54b79d630890a40f871cfc57a8ecdabf5718e15b",
        "type": "github"
      },
      "original": {
        "owner": "m15a",
        "repo": "flakelight-treefmt",
        "type": "github"
      }
    },
    "flakelight-treefmt_5": {
      "inputs": {
        "flakelight": [
          "loader",
          "kprobe",
          "flakelight-rust",
          "flakelight-mitchty",
          "flakelight"
        ],
        "treefmt-nix": "treefmt-nix_5"
      },
      "locked": {
        "lastModified": 1787056996,
        "narHash": "sha256-lgkpjJv+4QEs9hhlO1IJJTV5EAnbkcYHYwi6Gb/C5FY=",
        "owner": "m15a",
        "repo": "flakelight-treefmt",
        "rev": "fd4a00e45155ac40b50faeefa0675cb231ae6df9",
        "type": "github"
      },
      "original": {
        "owner": "m15a",
        "repo": "flakelight-treefmt",
        "type": "github"
      }
    },
    "flakelight-treefmt_6": {
      "inputs": {
        "flakelight": [
          "loader",
          "kprobe",
          "flakelight-rust",
          "flakelight"
        ],
        "treefmt-nix": "treefmt-nix_6"
      },
      "locked": {
        "lastModified": 1784641717,
        "narHash": "sha256-F+29wrXFyL9emn+HCBZ/qgC7oUEou7MSocaD57qT2VU=",
        "owner": "m15a",
        "repo": "flakelight-treefmt",
        "rev": "54b79d630890a40f871cfc57a8ecdabf5718e15b",
        "type": "github"
      },
      "original": {
        "owner": "m15a",
        "repo": "flakelight-treefmt",
        "type": "github"
      }
    },
    "flakelight_2": {
      "inputs": {
        "nixpkgs": [
          "kprobe",
          "flakelight-rust",
          "nixpkgs"
        ]
      },
      "locked": {
        "lastModified": 1784556984,
        "narHash": "sha256-I7BrF/EFE5mOL7AQTWBl/1yb7jSPjURcBvpFfP/fJm0=",
        "owner": "nix-community",
        "repo": "flakelight",
        "rev": "8150a22dcc9c11f6487687abe2077aa7c2aa1ab6",
        "type": "github"
      },
      "original": {
        "owner": "nix-community",
        "repo": "flakelight",
        "type": "github"
      }
    },
    "flakelight_3": {
      "inputs": {
        "nixpkgs": "nixpkgs_4"
      },
      "locked": {
        "lastModified": 1788583688,
        "narHash": "sha256-opNIEFArE2OsiUOaLOvu4st5r9/uGPoS5/Q9jjWSFZw=",
        "owner": "nix-community",
        "repo": "flakelight",
        "rev": "f75f22a23def22067ffea18af34ceb7087a488db",
        "type": "github"
      },
      "original": {
        "owner": "nix-community",
        "repo": "flakelight",
        "type": "github"
      }
    },
    "flakelight_4": {
      "inputs": {
        "nixpkgs": [
          "loader",
          "flakelight-rust",
          "nixpkgs"
        ]
      },
      "locked": {
        "lastModified": 1784556984,
        "narHash": "sha256-I7BrF/EFE5mOL7AQTWBl/1yb7jSPjURcBvpFfP/fJm0=",
        "owner": "nix-community",
        "repo": "flakelight",
        "rev": "8150a22dcc9c11f6487687abe2077aa7c2aa1ab6",
        "type": "github"
      },
      "original": {
        "owner": "nix-community",
        "repo": "flakelight",
        "type": "github"
      }
    },
    "flakelight_5": {
      "inputs": {
        "nixpkgs": "nixpkgs_6"
      },
      "locked": {
        "lastModified": 1788583688,
        "narHash": "sha256-opNIEFArE2OsiUOaLOvu4st5r9/uGPoS5/Q9jjWSFZw=",
        "owner": "nix-community",
        "repo": "flakelight",
        "rev": "f75f22a23def22067ffea18af34ceb7087a488db",
        "type": "github"
      },
      "original": {
        "owner": "nix-community",
        "repo": "flakelight",
        "type": "github"
      }
    },
    "flakelight_6": {
      "inputs": {
        "nixpkgs": [
          "loader",
          "kprobe",
          "flakelight-rust",
          "nixpkgs"
        ]
      },
      "locked": {
        "lastModified": 1784556984,
        "narHash": "sha256-I7BrF/EFE5mOL7AQTWBl/1yb7jSPjURcBvpFfP/fJm0=",
        "owner": "nix-community",
        "repo": "flakelight",
        "rev": "8150a22dcc9c11f6487687abe2077aa7c2aa1ab6",
        "type": "github"
      },
      "original": {
        "owner": "nix-community",
        "repo": "flakelight",
        "type": "github"
      }
    },
    "git-hooks": {
      "inputs": {
        "flake-compat": "flake-compat",
        "nixpkgs": [
          "kprobe",
          "flakelight-rust",
          "flakelight-mitchty",
          "nixpkgs"
        ]
      },
      "locked": {
        "lastModified": 1787424939,
        "narHash": "sha256-O2tBn84NNuHrnqNVxx/XqsXwfYvS1YwBh+7CBnbCYsk=",
        "owner": "cachix",
        "repo": "git-hooks.nix",
        "rev": "809414f0cdadf82cf11b06c2b29ba9b3168b3297",
        "type": "github"
      },
      "original": {
        "owner": "cachix",
        "repo": "git-hooks.nix",
        "type": "github"
      }
    },
    "git-hooks_2": {
      "inputs": {
        "flake-compat": "flake-compat_2",
        "nixpkgs": [
          "loader",
          "flakelight-rust",
          "flakelight-mitchty",
          "nixpkgs"
        ]
      },
      "locked": {
        "lastModified": 1787424939,
        "narHash": "sha256-O2tBn84NNuHrnqNVxx/XqsXwfYvS1YwBh+7CBnbCYsk=",
        "owner": "cachix",
        "repo": "git-hooks.nix",
        "rev": "809414f0cdadf82cf11b06c2b29ba9b3168b3297",
        "type": "github"
      },
      "original": {
        "owner": "cachix",
        "repo": "git-hooks.nix",
        "type": "github"
      }
    },
    "git-hooks_3": {
      "inputs": {
        "flake-compat": "flake-compat_3",
        "nixpkgs": [
          "loader",
          "kprobe",
          "flakelight-rust",
          "flakelight-mitchty",
          "nixpkgs"
        ]
      },
      "locked": {
        "lastModified": 1787424939,
        "narHash": "sha256-O2tBn84NNuHrnqNVxx/XqsXwfYvS1YwBh+7CBnbCYsk=",
        "owner": "cachix",
        "repo": "git-hooks.nix",
        "rev": "809414f0cdadf82cf11b06c2b29ba9b3168b3297",
        "type": "github"
      },
      "original": {
        "owner": "cachix",
        "repo": "git-hooks.nix",
        "type": "github"
      }
    },
    "kprobe": {
      "inputs": {
        "crane": "crane",
        "fenix": "fenix",
        "flakelight": "flakelight",
        "flakelight-rust": "flakelight-rust",
        "nixpkgs": "nixpkgs_3"
      },
      "locked": {
        "path": "./kprobe",
        "type": "path"
      },
      "original": {
        "path": "./kprobe",
        "type": "path"
      },
      "parent": []
    },
    "kprobe_2": {
      "inputs": {
        "crane": "crane_4",
        "fenix": "fenix_4",
        "flakelight": "flakelight_5",
        "flakelight-rust": "flakelight-rust_3",
        "nixpkgs": "nixpkgs_8"
      },
      "locked": {
        "path": "../kprobe",
        "type": "path"
      },
      "original": {
        "path": "../kprobe",
        "type": "path"
      },
      "parent": [
        "loader"
      ]
    },
    "loader": {
      "inputs": {
        "flakelight": "flakelight_3",
        "flakelight-rust": "flakelight-rust_2",
        "kprobe": "kprobe_2"
      },
      "locked": {
        "path": "./loader",
        "type": "path"
      },
      "original": {
        "path": "./loader",
        "type": "path"
      },
      "parent": []
    },
    "nixpkgs": {
      "locked": {
        "lastModified": 1788531059,
        "narHash": "sha256-/Mz6ovEL+KZ9b0UkWEBd/DtmODXuXW3FhNnuGQYghvg=",
        "rev": "801bef6abd86b91e51083066b83fb354a11fc640",
        "type": "tarball",
        "url": "https://releases.nixos.org/nixos/unstable/nixos-26.11pre1067334.801bef6abd86/nixexprs.tar.zst"
      },
      "original": {
        "type": "tarball",
        "url": "https://channels.nixos.org/nixos-unstable/nixexprs.tar.zst"
      }
    },
    "nixpkgs_2": {
      "locked": {
        "lastModified": 1787587532,
        "narHash": "sha256-2bXspRxg24UDOrjyGp6Y95nAlcjcmsxV5GLotPjya/c=",
        "owner": "nixos",
        "repo": "nixpkgs",
        "rev": "70339c6da9e58a2c10528a4e9cd14422232363dd",
        "type": "github"
      },
      "original": {
        "owner": "nixos",
        "repo": "nixpkgs",
        "type": "github"
      }
    },
    "nixpkgs_3": {
      "locked": {
        "lastModified": 1788710688,
        "narHash": "sha256-pv7JiKKd89n5bqoqDBJQEeZ73AiQy1G5vGDddBrbWak=",
        "owner": "nixos",
        "repo": "nixpkgs",
        "rev": "a8040124d4c75a87a8eb835a74c593a870757bf2",
        "type": "github"
      },
      "original": {
        "owner": "nixos",
        "repo": "nixpkgs",
        "type": "github"
      }
    },
    "nixpkgs_4": {
      "locked": {
        "lastModified": 1788531059,
        "narHash": "sha256-/Mz6ovEL+KZ9b0UkWEBd/DtmODXuXW3FhNnuGQYghvg=",
        "rev": "801bef6abd86b91e51083066b83fb354a11fc640",
        "type": "tarball",
        "url": "https://releases.nixos.org/nixos/unstable/nixos-26.11pre1067334.801bef6abd86/nixexprs.tar.zst"
      },
      "original": {
        "type": "tarball",
        "url": "https://channels.nixos.org/nixos-unstable/nixexprs.tar.zst"
      }
    },
    "nixpkgs_5": {
      "locked": {
        "lastModified": 1787587532,
        "narHash": "sha256-2bXspRxg24UDOrjyGp6Y95nAlcjcmsxV5GLotPjya/c=",
        "owner": "nixos",
        "repo": "nixpkgs",
        "rev": "70339c6da9e58a2c10528a4e9cd14422232363dd",
        "type": "github"
      },
      "original": {
        "owner": "nixos",
        "repo": "nixpkgs",
        "type": "github"
      }
    },
    "nixpkgs_6": {
      "locked": {
        "lastModified": 1788531059,
        "narHash": "sha256-/Mz6ovEL+KZ9b0UkWEBd/DtmODXuXW3FhNnuGQYghvg=",
        "rev": "801bef6abd86b91e51083066b83fb354a11fc640",
        "type": "tarball",
        "url": "https://releases.nixos.org/nixos/unstable/nixos-26.11pre1067334.801bef6abd86/nixexprs.tar.zst"
      },
      "original": {
        "type": "tarball",
        "url": "https://channels.nixos.org/nixos-unstable/nixexprs.tar.zst"
      }
    },
    "nixpkgs_7": {
      "locked": {
        "lastModified": 1787587532,
        "narHash": "sha256-2bXspRxg24UDOrjyGp6Y95nAlcjcmsxV5GLotPjya/c=",
        "owner": "nixos",
        "repo": "nixpkgs",
        "rev": "70339c6da9e58a2c10528a4e9cd14422232363dd",
        "type": "github"
      },
      "original": {
        "owner": "nixos",
        "repo": "nixpkgs",
        "type": "github"
      }
    },
    "nixpkgs_8": {
      "locked": {
        "lastModified": 1788710688,
        "narHash": "sha256-pv7JiKKd89n5bqoqDBJQEeZ73AiQy1G5vGDddBrbWak=",
        "owner": "nixos",
        "repo": "nixpkgs",
        "rev": "a8040124d4c75a87a8eb835a74c593a870757bf2",
        "type": "github"
      },
      "original": {
        "owner": "nixos",
        "repo": "nixpkgs",
        "type": "github"
      }
    },
    "nixpkgs_9": {
      "locked": {
        "lastModified": 1788713297,
        "narHash": "sha256-MBygoH+2QOkS09sUDzbaYrCV6Oo8yJ5EBqZKfiZnujk=",
        "owner": "nixos",
        "repo": "nixpkgs",
        "rev": "a64f43ec09c78d04cf00e68874e92b0b00d7c96b",
        "type": "github"
      },
      "original": {
        "owner": "nixos",
        "repo": "nixpkgs",
        "type": "github"
      }
    },
    "root": {
      "inputs": {
        "kprobe": "kprobe",
        "loader": "loader",
        "nixpkgs": "nixpkgs_9"
      }
    },
    "rust-analyzer-src": {
      "flake": false,
      "locked": {
        "lastModified": 1788637890,
        "narHash": "sha256-mA2f4nLHFVf4pVvqbnNLdd6DcFN6Qqb0t1gWxaFRHcU=",
        "owner": "rust-lang",
        "repo": "rust-analyzer",
        "rev": "04a5986d7b8d274cf93f071613e50d884e4056a0",
        "type": "github"
      },
      "original": {
        "owner": "rust-lang",
        "ref": "nightly",
        "repo": "rust-analyzer",
        "type": "github"
      }
    },
    "rust-analyzer-src_2": {
      "flake": false,
      "locked": {
        "lastModified": 1784920231,
        "narHash": "sha256-DnuuYNFk0PI34gbGrf6vCS8ebZDAthLjoGBoh8d3SFE=",
        "owner": "rust-lang",
        "repo": "rust-analyzer",
        "rev": "ca8fba298406608be4003978f15ecb72a3ddf481",
        "type": "github"
      },
      "original": {
        "owner": "rust-lang",
        "ref": "nightly",
        "repo": "rust-analyzer",
        "type": "github"
      }
    },
    "rust-analyzer-src_3": {
      "flake": false,
      "locked": {
        "lastModified": 1784920231,
        "narHash": "sha256-DnuuYNFk0PI34gbGrf6vCS8ebZDAthLjoGBoh8d3SFE=",
        "owner": "rust-lang",
        "repo": "rust-analyzer",
        "rev": "ca8fba298406608be4003978f15ecb72a3ddf481",
        "type": "github"
      },
      "original": {
        "owner": "rust-lang",
        "ref": "nightly",
        "repo": "rust-analyzer",
        "type": "github"
      }
    },
    "rust-analyzer-src_4": {
      "flake": false,
      "locked": {
        "lastModified": 1788637890,
        "narHash": "sha256-mA2f4nLHFVf4pVvqbnNLdd6DcFN6Qqb0t1gWxaFRHcU=",
        "owner": "rust-lang",
        "repo": "rust-analyzer",
        "rev": "04a5986d7b8d274cf93f071613e50d884e4056a0",
        "type": "github"
      },
      "original": {
        "owner": "rust-lang",
        "ref": "nightly",
        "repo": "rust-analyzer",
        "type": "github"
      }
    },
    "rust-analyzer-src_5": {
      "flake": false,
      "locked": {
        "lastModified": 1784920231,
        "narHash": "sha256-DnuuYNFk0PI34gbGrf6vCS8ebZDAthLjoGBoh8d3SFE=",
        "owner": "rust-lang",
        "repo": "rust-analyzer",
        "rev": "ca8fba298406608be4003978f15ecb72a3ddf481",
        "type": "github"
      },
      "original": {
        "owner": "rust-lang",
        "ref": "nightly",
        "repo": "rust-analyzer",
        "type": "github"
      }
    },
    "treefmt-nix": {
      "inputs": {
        "nixpkgs": [
          "kprobe",
          "flakelight-rust",
          "flakelight-mitchty",
          "flakelight-treefmt",
          "flakelight",
          "nixpkgs"
        ]
      },
      "locked": {
        "lastModified": 1786901030,
        "narHash": "sha256-WSFCsDSE5ffgD2MqzkM2CYjeFiKhRF/dJUN8uedb6YE=",
        "owner": "numtide",
        "repo": "treefmt-nix",
        "rev": "27b3b12a8e6375f28ebe122f07d230ca5459bbfa",
        "type": "github"
      },
      "original": {
        "owner": "numtide",
        "repo": "treefmt-nix",
        "type": "github"
      }
    },
    "treefmt-nix_2": {
      "inputs": {
        "nixpkgs": [
          "kprobe",
          "flakelight-rust",
          "flakelight-treefmt",
          "flakelight",
          "nixpkgs"
        ]
      },
      "locked": {
        "lastModified": 1784369104,
        "narHash": "sha256-47cxbcZODibHv3rELFQ9vZly0vUNkND/atn/U7HLeb0=",
        "owner": "numtide",
        "repo": "treefmt-nix",
        "rev": "df3c0640565d04a0261253cdd89fce78ec50168a",
        "type": "github"
      },
      "original": {
        "owner": "numtide",
        "repo": "treefmt-nix",
        "type": "github"
      }
    },
    "treefmt-nix_3": {
      "inputs": {
        "nixpkgs": [
          "loader",
          "flakelight-rust",
          "flakelight-mitchty",
          "flakelight-treefmt",
          "flakelight",
          "nixpkgs"
        ]
      },
      "locked": {
        "lastModified": 1786901030,
        "narHash": "sha256-WSFCsDSE5ffgD2MqzkM2CYjeFiKhRF/dJUN8uedb6YE=",
        "owner": "numtide",
        "repo": "treefmt-nix",
        "rev": "27b3b12a8e6375f28ebe122f07d230ca5459bbfa",
        "type": "github"
      },
      "original": {
        "owner": "numtide",
        "repo": "treefmt-nix",
        "type": "github"
      }
    },
    "treefmt-nix_4": {
      "inputs": {
        "nixpkgs": [
          "loader",
          "flakelight-rust",
          "flakelight-treefmt",
          "flakelight",
          "nixpkgs"
        ]
      },
      "locked": {
        "lastModified": 1784369104,
        "narHash": "sha256-47cxbcZODibHv3rELFQ9vZly0vUNkND/atn/U7HLeb0=",
        "owner": "numtide",
        "repo": "treefmt-nix",
        "rev": "df3c0640565d04a0261253cdd89fce78ec50168a",
        "type": "github"
      },
      "original": {
        "owner": "numtide",
        "repo": "treefmt-nix",
        "type": "github"
      }
    },
    "treefmt-nix_5": {
      "inputs": {
        "nixpkgs": [
          "loader",
          "kprobe",
          "flakelight-rust",
          "flakelight-mitchty",
          "flakelight-treefmt",
          "flakelight",
          "nixpkgs"
        ]
      },
      "locked": {
        "lastModified": 1786901030,
        "narHash": "sha256-WSFCsDSE5ffgD2MqzkM2CYjeFiKhRF/dJUN8uedb6YE=",
        "owner": "numtide",
        "repo": "treefmt-nix",
        "rev": "27b3b12a8e6375f28ebe122f07d230ca5459bbfa",
        "type": "github"
      },
      "original": {
        "owner": "numtide",
        "repo": "treefmt-nix",
        "type": "github"
      }
    },
    "treefmt-nix_6": {
      "inputs": {
        "nixpkgs": [
          "loader",
          "kprobe",
          "flakelight-rust",
          "flakelight-treefmt",
          "flakelight",
          "nixpkgs"
        ]
      },
      "locked": {
        "lastModified": 1784369104,
        "narHash": "sha256-47cxbcZODibHv3rELFQ9vZly0vUNkND/atn/U7HLeb0=",
        "owner": "numtide",
        "repo": "treefmt-nix",
        "rev": "df3c0640565d04a0261253cdd89fce78ec50168a",
        "type": "github"
      },
      "original": {
        "owner": "numtide",
        "repo": "treefmt-nix",
        "type": "github"
      }
    }
  },
  "root": "root",
  "version": 7
}
